
Microsoft Visual Studio Solution File, Format Version 12.00
# Visual Studio Version 16
VisualStudioVersion = 16.0.31624.102
MinimumVisualStudioVersion = 10.0.40219.1
Project("{9A19103F-16F7-4668-BE54-9A1E7A4F7556}") = "ChatPojectClient", "ChatPojectStarter\ChatPojectClient.csproj", "{BBDD6AFB-DBDF-4E55-999F-6102EB9ABAA8}"
EndProject
Project("{FAE04EC0-301F-11D3-BF4B-00C04F79EFBC}") = "ChatProjectServer", "ChatProjectServer\ChatProjectServer.csproj", "{46A536C7-029E-430B-9EA2-9D4EB5013AF1}"
EndProject
Global
	GlobalSection(SolutionConfigurationPlatforms) = preSolution
		Debug|Any CPU = Debug|Any CPU
		Release|Any CPU = Release|Any CPU
	EndGlobalSection
	GlobalSection(ProjectConfigurationPlatforms) = postSolution
		{BBDD6AFB-DBDF-4E55-999F-6102EB9ABAA8}.Debug|Any CPU.ActiveCfg = Debug|Any CPU
		{BBDD6AFB-DBDF-4E55-999F-6102EB9ABAA8}.Debug|Any CPU.Build.0 = Debug|Any CPU
		{BBDD6AFB-DBDF-4E55-999F-6102EB9ABAA8}.Release|Any CPU.ActiveCfg = Release|Any CPU
		{BBDD6AFB-DBDF-4E55-999F-6102EB9ABAA8}.Release|Any CPU.Build.0 = Release|Any CPU
		{46A536C7-029E-430B-9EA2-9D4EB5013AF1}.Debug|Any CPU.ActiveCfg = Debug|Any CPU
		{46A536C7-029E-430B-9EA2-9D4EB5013AF1}.Debug|Any CPU.Build.0 = Debug|Any CPU
		{46A536C7-029E-430B-9EA2-9D4EB5013AF1}.Release|Any CPU.ActiveCfg = Release|Any CPU
		{46A536C7-029E-430B-9EA2-9D4EB5013AF1}.Release|Any CPU.Build.0 = Release|Any CPU
	EndGlobalSection
	GlobalSection(SolutionProperties) = preSolution
		HideSolutionNode = FALSE
	EndGlobalSection
	GlobalSection(ExtensibilityGlobals) = postSolution
		SolutionGuid = {5B1D63F2-1CDF-44D1-ADD9-1CB6C9E34388}
	EndGlobalSection
EndGlobal
